
Microsoft Visual Studio Solution File, Format Version 12.00
# Visual Studio 2012
Project("{FAE04EC0-301F-11D3-BF4B-00C04F79EFBC}") = "ImportUkrSklad", "ImportUkrSklad\ImportUkrSklad.csproj", "{90988D21-9B9B-4CDC-B69F-B464E737AE69}"
EndProject
Project("{FAE04EC0-301F-11D3-BF4B-00C04F79EFBC}") = "UkrskladImporter", "UkrskladImporter\UkrskladImporter.csproj", "{ED997916-3B94-4FF1-8282-7AF08BA1CC54}"
EndProject
Project("{FAE04EC0-301F-11D3-BF4B-00C04F79EFBC}") = "Ukrsklad.Domain", "Ukrsklad.Domain\Ukrsklad.Domain.csproj", "{A7F0CBB4-AFFB-4E29-8D73-BD621EFFBD03}"
EndProject
Global
	GlobalSection(SolutionConfigurationPlatforms) = preSolution
		Debug|Any CPU = Debug|Any CPU
		Release|Any CPU = Release|Any CPU
	EndGlobalSection
	GlobalSection(ProjectConfigurationPlatforms) = postSolution
		{90988D21-9B9B-4CDC-B69F-B464E737AE69}.Debug|Any CPU.ActiveCfg = Debug|Any CPU
		{90988D21-9B9B-4CDC-B69F-B464E737AE69}.Debug|Any CPU.Build.0 = Debug|Any CPU
		{90988D21-9B9B-4CDC-B69F-B464E737AE69}.Release|Any CPU.ActiveCfg = Release|Any CPU
		{90988D21-9B9B-4CDC-B69F-B464E737AE69}.Release|Any CPU.Build.0 = Release|Any CPU
		{ED997916-3B94-4FF1-8282-7AF08BA1CC54}.Debug|Any CPU.ActiveCfg = Debug|Any CPU
		{ED997916-3B94-4FF1-8282-7AF08BA1CC54}.Debug|Any CPU.Build.0 = Debug|Any CPU
		{ED997916-3B94-4FF1-8282-7AF08BA1CC54}.Release|Any CPU.ActiveCfg = Release|Any CPU
		{ED997916-3B94-4FF1-8282-7AF08BA1CC54}.Release|Any CPU.Build.0 = Release|Any CPU
		{A7F0CBB4-AFFB-4E29-8D73-BD621EFFBD03}.Debug|Any CPU.ActiveCfg = Debug|Any CPU
		{A7F0CBB4-AFFB-4E29-8D73-BD621EFFBD03}.Debug|Any CPU.Build.0 = Debug|Any CPU
		{A7F0CBB4-AFFB-4E29-8D73-BD621EFFBD03}.Release|Any CPU.ActiveCfg = Release|Any CPU
		{A7F0CBB4-AFFB-4E29-8D73-BD621EFFBD03}.Release|Any CPU.Build.0 = Release|Any CPU
	EndGlobalSection
	GlobalSection(SolutionProperties) = preSolution
		HideSolutionNode = FALSE
	EndGlobalSection
EndGlobal
