
Microsoft Visual Studio Solution File, Format Version 12.00
# Visual Studio 2012
Project("{FAE04EC0-301F-11D3-BF4B-00C04F79EFBC}") = "UkrskladImporter", "UkrskladImporter\UkrskladImporter.csproj", "{ED997916-3B94-4FF1-8282-7AF08BA1CC54}"
EndProject
Project("{FAE04EC0-301F-11D3-BF4B-00C04F79EFBC}") = "Ukrsklad.Domain", "Ukrsklad.Domain\Ukrsklad.Domain.csproj", "{A7F0CBB4-AFFB-4E29-8D73-BD621EFFBD03}"
EndProject
Project("{FAE04EC0-301F-11D3-BF4B-00C04F79EFBC}") = "ExportScanner.Domain", "ExportScanner.Domain\ExportScanner.Domain.csproj", "{05723747-CE3A-40EE-8155-9595F15552D8}"
EndProject
Project("{FAE04EC0-301F-11D3-BF4B-00C04F79EFBC}") = "ScannerExporter", "ScannerExporter\ScannerExporter.csproj", "{8077A80B-D74E-49C0-AE9A-FA9B267DA889}"
EndProject
Global
	GlobalSection(SolutionConfigurationPlatforms) = preSolution
		Debug|Any CPU = Debug|Any CPU
		Release|Any CPU = Release|Any CPU
	EndGlobalSection
	GlobalSection(ProjectConfigurationPlatforms) = postSolution
		{ED997916-3B94-4FF1-8282-7AF08BA1CC54}.Debug|Any CPU.ActiveCfg = Debug|Any CPU
		{ED997916-3B94-4FF1-8282-7AF08BA1CC54}.Debug|Any CPU.Build.0 = Debug|Any CPU
		{ED997916-3B94-4FF1-8282-7AF08BA1CC54}.Release|Any CPU.ActiveCfg = Release|Any CPU
		{ED997916-3B94-4FF1-8282-7AF08BA1CC54}.Release|Any CPU.Build.0 = Release|Any CPU
		{A7F0CBB4-AFFB-4E29-8D73-BD621EFFBD03}.Debug|Any CPU.ActiveCfg = Debug|Any CPU
		{A7F0CBB4-AFFB-4E29-8D73-BD621EFFBD03}.Debug|Any CPU.Build.0 = Debug|Any CPU
		{A7F0CBB4-AFFB-4E29-8D73-BD621EFFBD03}.Release|Any CPU.ActiveCfg = Release|Any CPU
		{A7F0CBB4-AFFB-4E29-8D73-BD621EFFBD03}.Release|Any CPU.Build.0 = Release|Any CPU
		{05723747-CE3A-40EE-8155-9595F15552D8}.Debug|Any CPU.ActiveCfg = Debug|Any CPU
		{05723747-CE3A-40EE-8155-9595F15552D8}.Debug|Any CPU.Build.0 = Debug|Any CPU
		{05723747-CE3A-40EE-8155-9595F15552D8}.Release|Any CPU.ActiveCfg = Release|Any CPU
		{05723747-CE3A-40EE-8155-9595F15552D8}.Release|Any CPU.Build.0 = Release|Any CPU
		{8077A80B-D74E-49C0-AE9A-FA9B267DA889}.Debug|Any CPU.ActiveCfg = Debug|Any CPU
		{8077A80B-D74E-49C0-AE9A-FA9B267DA889}.Debug|Any CPU.Build.0 = Debug|Any CPU
		{8077A80B-D74E-49C0-AE9A-FA9B267DA889}.Release|Any CPU.ActiveCfg = Release|Any CPU
		{8077A80B-D74E-49C0-AE9A-FA9B267DA889}.Release|Any CPU.Build.0 = Release|Any CPU
	EndGlobalSection
	GlobalSection(SolutionProperties) = preSolution
		HideSolutionNode = FALSE
	EndGlobalSection
EndGlobal
